// !$*UTF8*$!
{
	archiveVersion = 1;
	classes = {
	};
	objectVersion = 56;
	objects = {

/* Begin PBXBuildFile section */
		3A36E84C2C6EC58700BC2939 /* fun_zone.mp4 in Resources */ = {isa = PBXBuildFile; fileRef = 3A36E8462C6EC58600BC2939 /* fun_zone.mp4 */; };
		3A36E84D2C6EC58700BC2939 /* no_go_zone.mp4 in Resources */ = {isa = PBXBuildFile; fileRef = 3A36E8472C6EC58700BC2939 /* no_go_zone.mp4 */; };
		3A36E84E2C6EC58700BC2939 /* date_zone.mp4 in Resources */ = {isa = PBXBuildFile; fileRef = 3A36E8482C6EC58700BC2939 /* date_zone.mp4 */; };
		3A36E84F2C6EC58700BC2939 /* unicorn_M.mp4 in Resources */ = {isa = PBXBuildFile; fileRef = 3A36E8492C6EC58700BC2939 /* unicorn_M.mp4 */; };
		3A36E8502C6EC58700BC2939 /* unicorn_F.mp4 in Resources */ = {isa = PBXBuildFile; fileRef = 3A36E84A2C6EC58700BC2939 /* unicorn_F.mp4 */; };
		3A36E8512C6EC58700BC2939 /* danger_zone.mp4 in Resources */ = {isa = PBXBuildFile; fileRef = 3A36E84B2C6EC58700BC2939 /* danger_zone.mp4 */; };
		3ABAFF4E2C6D412D002D1DAE /* DatingCalculatorApp.swift in Sources */ = {isa = PBXBuildFile; fileRef = 3ABAFF4D2C6D412D002D1DAE /* DatingCalculatorApp.swift */; };
		3ABAFF502C6D412D002D1DAE /* DatingCalculatorView.swift in Sources */ = {isa = PBXBuildFile; fileRef = 3ABAFF4F2C6D412D002D1DAE /* DatingCalculatorView.swift */; };
		3ABAFF522C6D412F002D1DAE /* Assets.xcassets in Resources */ = {isa = PBXBuildFile; fileRef = 3ABAFF512C6D412F002D1DAE /* Assets.xcassets */; };
		3ABAFF552C6D412F002D1DAE /* Preview Assets.xcassets in Resources */ = {isa = PBXBuildFile; fileRef = 3ABAFF542C6D412F002D1DAE /* Preview Assets.xcassets */; };
		3ABAFF7E2C6D771C002D1DAE /* Zone.swift in Sources */ = {isa = PBXBuildFile; fileRef = 3ABAFF7D2C6D771C002D1DAE /* Zone.swift */; };
		3ABAFF802C6D77CA002D1DAE /* DatingCalculatorVM.swift in Sources */ = {isa = PBXBuildFile; fileRef = 3ABAFF7F2C6D77CA002D1DAE /* DatingCalculatorVM.swift */; };
/* End PBXBuildFile section */

/* Begin PBXFileReference section */
		3A36E8462C6EC58600BC2939 /* fun_zone.mp4 */ = {isa = PBXFileReference; lastKnownFileType = file; path = fun_zone.mp4; sourceTree = "<group>"; };
		3A36E8472C6EC58700BC2939 /* no_go_zone.mp4 */ = {isa = PBXFileReference; lastKnownFileType = file; path = no_go_zone.mp4; sourceTree = "<group>"; };
		3A36E8482C6EC58700BC2939 /* date_zone.mp4 */ = {isa = PBXFileReference; lastKnownFileType = file; path = date_zone.mp4; sourceTree = "<group>"; };
		3A36E8492C6EC58700BC2939 /* unicorn_M.mp4 */ = {isa = PBXFileReference; lastKnownFileType = file; path = unicorn_M.mp4; sourceTree = "<group>"; };
		3A36E84A2C6EC58700BC2939 /* unicorn_F.mp4 */ = {isa = PBXFileReference; lastKnownFileType = file; path = unicorn_F.mp4; sourceTree = "<group>"; };
		3A36E84B2C6EC58700BC2939 /* danger_zone.mp4 */ = {isa = PBXFileReference; lastKnownFileType = file; path = danger_zone.mp4; sourceTree = "<group>"; };
		3ABAFF4A2C6D412D002D1DAE /* DatingCalculator.app */ = {isa = PBXFileReference; explicitFileType = wrapper.application; includeInIndex = 0; path = DatingCalculator.app; sourceTree = BUILT_PRODUCTS_DIR; };
		3ABAFF4D2C6D412D002D1DAE /* DatingCalculatorApp.swift */ = {isa = PBXFileReference; lastKnownFileType = sourcecode.swift; path = DatingCalculatorApp.swift; sourceTree = "<group>"; };
		3ABAFF4F2C6D412D002D1DAE /* DatingCalculatorView.swift */ = {isa = PBXFileReference; lastKnownFileType = sourcecode.swift; path = DatingCalculatorView.swift; sourceTree = "<group>"; };
		3ABAFF512C6D412F002D1DAE /* Assets.xcassets */ = {isa = PBXFileReference; lastKnownFileType = folder.assetcatalog; path = Assets.xcassets; sourceTree = "<group>"; };
		3ABAFF542C6D412F002D1DAE /* Preview Assets.xcassets */ = {isa = PBXFileReference; lastKnownFileType = folder.assetcatalog; path = "Preview Assets.xcassets"; sourceTree = "<group>"; };
		3ABAFF7D2C6D771C002D1DAE /* Zone.swift */ = {isa = PBXFileReference; lastKnownFileType = sourcecode.swift; path = Zone.swift; sourceTree = "<group>"; };
		3ABAFF7F2C6D77CA002D1DAE /* DatingCalculatorVM.swift */ = {isa = PBXFileReference; lastKnownFileType = sourcecode.swift; path = DatingCalculatorVM.swift; sourceTree = "<group>"; };
/* End PBXFileReference section */

/* Begin PBXFrameworksBuildPhase section */
		3ABAFF472C6D412D002D1DAE /* Frameworks */ = {
			isa = PBXFrameworksBuildPhase;
			buildActionMask = 2147483647;
			files = (
			);
			runOnlyForDeploymentPostprocessing = 0;
		};
/* End PBXFrameworksBuildPhase section */

/* Begin PBXGroup section */
		3ABAFF412C6D412D002D1DAE = {
			isa = PBXGroup;
			children = (
				3ABAFF4C2C6D412D002D1DAE /* DatingCalculator */,
				3ABAFF4B2C6D412D002D1DAE /* Products */,
			);
			sourceTree = "<group>";
		};
		3ABAFF4B2C6D412D002D1DAE /* Products */ = {
			isa = PBXGroup;
			children = (
				3ABAFF4A2C6D412D002D1DAE /* DatingCalculator.app */,
			);
			name = Products;
			sourceTree = "<group>";
		};
		3ABAFF4C2C6D412D002D1DAE /* DatingCalculator */ = {
			isa = PBXGroup;
			children = (
				3ABAFF4D2C6D412D002D1DAE /* DatingCalculatorApp.swift */,
				3ABAFF7D2C6D771C002D1DAE /* Zone.swift */,
				3ABAFF822C6D8416002D1DAE /* View */,
				3ABAFF812C6D83FC002D1DAE /* ViewModel */,
				3ABAFF512C6D412F002D1DAE /* Assets.xcassets */,
				3A36E84B2C6EC58700BC2939 /* danger_zone.mp4 */,
				3A36E8482C6EC58700BC2939 /* date_zone.mp4 */,
				3A36E8462C6EC58600BC2939 /* fun_zone.mp4 */,
				3A36E8472C6EC58700BC2939 /* no_go_zone.mp4 */,
				3A36E8492C6EC58700BC2939 /* unicorn_M.mp4 */,
				3A36E84A2C6EC58700BC2939 /* unicorn_F.mp4 */,
				3ABAFF532C6D412F002D1DAE /* Preview Content */,
			);
			path = DatingCalculator;
			sourceTree = "<group>";
		};
		3ABAFF532C6D412F002D1DAE /* Preview Content */ = {
			isa = PBXGroup;
			children = (
				3ABAFF542C6D412F002D1DAE /* Preview Assets.xcassets */,
			);
			path = "Preview Content";
			sourceTree = "<group>";
		};
		3ABAFF812C6D83FC002D1DAE /* ViewModel */ = {
			isa = PBXGroup;
			children = (
				3ABAFF7F2C6D77CA002D1DAE /* DatingCalculatorVM.swift */,
			);
			path = ViewModel;
			sourceTree = "<group>";
		};
		3ABAFF822C6D8416002D1DAE /* View */ = {
			isa = PBXGroup;
			children = (
				3ABAFF4F2C6D412D002D1DAE /* DatingCalculatorView.swift */,
			);
			path = View;
			sourceTree = "<group>";
		};
/* End PBXGroup section */

/* Begin PBXNativeTarget section */
		3ABAFF492C6D412D002D1DAE /* DatingCalculator */ = {
			isa = PBXNativeTarget;
			buildConfigurationList = 3ABAFF6E2C6D4130002D1DAE /* Build configuration list for PBXNativeTarget "DatingCalculator" */;
			buildPhases = (
				3ABAFF462C6D412D002D1DAE /* Sources */,
				3ABAFF472C6D412D002D1DAE /* Frameworks */,
				3ABAFF482C6D412D002D1DAE /* Resources */,
			);
			buildRules = (
			);
			dependencies = (
			);
			name = DatingCalculator;
			productName = DatingCalculator;
			productReference = 3ABAFF4A2C6D412D002D1DAE /* DatingCalculator.app */;
			productType = "com.apple.product-type.application";
		};
/* End PBXNativeTarget section */

/* Begin PBXProject section */
		3ABAFF422C6D412D002D1DAE /* Project object */ = {
			isa = PBXProject;
			attributes = {
				BuildIndependentTargetsInParallel = 1;
				LastSwiftUpdateCheck = 1540;
				LastUpgradeCheck = 1540;
				TargetAttributes = {
					3ABAFF492C6D412D002D1DAE = {
						CreatedOnToolsVersion = 15.4;
					};
				};
			};
			buildConfigurationList = 3ABAFF452C6D412D002D1DAE /* Build configuration list for PBXProject "DatingCalculator" */;
			compatibilityVersion = "Xcode 14.0";
			developmentRegion = en;
			hasScannedForEncodings = 0;
			knownRegions = (
				en,
				Base,
			);
			mainGroup = 3ABAFF412C6D412D002D1DAE;
			productRefGroup = 3ABAFF4B2C6D412D002D1DAE /* Products */;
			projectDirPath = "";
			projectRoot = "";
			targets = (
				3ABAFF492C6D412D002D1DAE /* DatingCalculator */,
			);
		};
/* End PBXProject section */

/* Begin PBXResourcesBuildPhase section */
		3ABAFF482C6D412D002D1DAE /* Resources */ = {
			isa = PBXResourcesBuildPhase;
			buildActionMask = 2147483647;
			files = (
				3A36E84C2C6EC58700BC2939 /* fun_zone.mp4 in Resources */,
				3ABAFF552C6D412F002D1DAE /* Preview Assets.xcassets in Resources */,
				3A36E8512C6EC58700BC2939 /* danger_zone.mp4 in Resources */,
				3A36E84F2C6EC58700BC2939 /* unicorn_M.mp4 in Resources */,
				3A36E84D2C6EC58700BC2939 /* no_go_zone.mp4 in Resources */,
				3ABAFF522C6D412F002D1DAE /* Assets.xcassets in Resources */,
				3A36E84E2C6EC58700BC2939 /* date_zone.mp4 in Resources */,
				3A36E8502C6EC58700BC2939 /* unicorn_F.mp4 in Resources */,
			);
			runOnlyForDeploymentPostprocessing = 0;
		};
/* End PBXResourcesBuildPhase section */

/* Begin PBXSourcesBuildPhase section */
		3ABAFF462C6D412D002D1DAE /* Sources */ = {
			isa = PBXSourcesBuildPhase;
			buildActionMask = 2147483647;
			files = (
				3ABAFF502C6D412D002D1DAE /* DatingCalculatorView.swift in Sources */,
				3ABAFF802C6D77CA002D1DAE /* DatingCalculatorVM.swift in Sources */,
				3ABAFF4E2C6D412D002D1DAE /* DatingCalculatorApp.swift in Sources */,
				3ABAFF7E2C6D771C002D1DAE /* Zone.swift in Sources */,
			);
			runOnlyForDeploymentPostprocessing = 0;
		};
/* End PBXSourcesBuildPhase section */

/* Begin XCBuildConfiguration section */
		3ABAFF6C2C6D4130002D1DAE /* Debug */ = {
			isa = XCBuildConfiguration;
			buildSettings = {
				ALWAYS_SEARCH_USER_PATHS = NO;
				ASSETCATALOG_COMPILER_GENERATE_SWIFT_ASSET_SYMBOL_EXTENSIONS = YES;
				CLANG_ANALYZER_NONNULL = YES;
				CLANG_ANALYZER_NUMBER_OBJECT_CONVERSION = YES_AGGRESSIVE;
				CLANG_CXX_LANGUAGE_STANDARD = "gnu++20";
				CLANG_ENABLE_MODULES = YES;
				CLANG_ENABLE_OBJC_ARC = YES;
				CLANG_ENABLE_OBJC_WEAK = YES;
				CLANG_WARN_BLOCK_CAPTURE_AUTORELEASING = YES;
				CLANG_WARN_BOOL_CONVERSION = YES;
				CLANG_WARN_COMMA = YES;
				CLANG_WARN_CONSTANT_CONVERSION = YES;
				CLANG_WARN_DEPRECATED_OBJC_IMPLEMENTATIONS = YES;
				CLANG_WARN_DIRECT_OBJC_ISA_USAGE = YES_ERROR;
				CLANG_WARN_DOCUMENTATION_COMMENTS = YES;
				CLANG_WARN_EMPTY_BODY = YES;
				CLANG_WARN_ENUM_CONVERSION = YES;
				CLANG_WARN_INFINITE_RECURSION = YES;
				CLANG_WARN_INT_CONVERSION = YES;
				CLANG_WARN_NON_LITERAL_NULL_CONVERSION = YES;
				CLANG_WARN_OBJC_IMPLICIT_RETAIN_SELF = YES;
				CLANG_WARN_OBJC_LITERAL_CONVERSION = YES;
				CLANG_WARN_OBJC_ROOT_CLASS = YES_ERROR;
				CLANG_WARN_QUOTED_INCLUDE_IN_FRAMEWORK_HEADER = YES;
				CLANG_WARN_RANGE_LOOP_ANALYSIS = YES;
				CLANG_WARN_STRICT_PROTOTYPES = YES;
				CLANG_WARN_SUSPICIOUS_MOVE = YES;
				CLANG_WARN_UNGUARDED_AVAILABILITY = YES_AGGRESSIVE;
				CLANG_WARN_UNREACHABLE_CODE = YES;
				CLANG_WARN__DUPLICATE_METHOD_MATCH = YES;
				COPY_PHASE_STRIP = NO;
				DEBUG_INFORMATION_FORMAT = dwarf;
				ENABLE_STRICT_OBJC_MSGSEND = YES;
				ENABLE_TESTABILITY = YES;
				ENABLE_USER_SCRIPT_SANDBOXING = YES;
				GCC_C_LANGUAGE_STANDARD = gnu17;
				GCC_DYNAMIC_NO_PIC = NO;
				GCC_NO_COMMON_BLOCKS = YES;
				GCC_OPTIMIZATION_LEVEL = 0;
				GCC_PREPROCESSOR_DEFINITIONS = (
					"DEBUG=1",
					"$(inherited)",
				);
				GCC_WARN_64_TO_32_BIT_CONVERSION = YES;
				GCC_WARN_ABOUT_RETURN_TYPE = YES_ERROR;
				GCC_WARN_UNDECLARED_SELECTOR = YES;
				GCC_WARN_UNINITIALIZED_AUTOS = YES_AGGRESSIVE;
				GCC_WARN_UNUSED_FUNCTION = YES;
				GCC_WARN_UNUSED_VARIABLE = YES;
				IPHONEOS_DEPLOYMENT_TARGET = 17.5;
				LOCALIZATION_PREFERS_STRING_CATALOGS = YES;
				MTL_ENABLE_DEBUG_INFO = INCLUDE_SOURCE;
				MTL_FAST_MATH = YES;
				ONLY_ACTIVE_ARCH = YES;
				SDKROOT = iphoneos;
				SWIFT_ACTIVE_COMPILATION_CONDITIONS = "DEBUG $(inherited)";
				SWIFT_OPTIMIZATION_LEVEL = "-Onone";
			};
			name = Debug;
		};
		3ABAFF6D2C6D4130002D1DAE /* Release */ = {
			isa = XCBuildConfiguration;
			buildSettings = {
				ALWAYS_SEARCH_USER_PATHS = NO;
				ASSETCATALOG_COMPILER_GENERATE_SWIFT_ASSET_SYMBOL_EXTENSIONS = YES;
				CLANG_ANALYZER_NONNULL = YES;
				CLANG_ANALYZER_NUMBER_OBJECT_CONVERSION = YES_AGGRESSIVE;
				CLANG_CXX_LANGUAGE_STANDARD = "gnu++20";
				CLANG_ENABLE_MODULES = YES;
				CLANG_ENABLE_OBJC_ARC = YES;
				CLANG_ENABLE_OBJC_WEAK = YES;
				CLANG_WARN_BLOCK_CAPTURE_AUTORELEASING = YES;
				CLANG_WARN_BOOL_CONVERSION = YES;
				CLANG_WARN_COMMA = YES;
				CLANG_WARN_CONSTANT_CONVERSION = YES;
				CLANG_WARN_DEPRECATED_OBJC_IMPLEMENTATIONS = YES;
				CLANG_WARN_DIRECT_OBJC_ISA_USAGE = YES_ERROR;
				CLANG_WARN_DOCUMENTATION_COMMENTS = YES;
				CLANG_WARN_EMPTY_BODY = YES;
				CLANG_WARN_ENUM_CONVERSION = YES;
				CLANG_WARN_INFINITE_RECURSION = YES;
				CLANG_WARN_INT_CONVERSION = YES;
				CLANG_WARN_NON_LITERAL_NULL_CONVERSION = YES;
				CLANG_WARN_OBJC_IMPLICIT_RETAIN_SELF = YES;
				CLANG_WARN_OBJC_LITERAL_CONVERSION = YES;
				CLANG_WARN_OBJC_ROOT_CLASS = YES_ERROR;
				CLANG_WARN_QUOTED_INCLUDE_IN_FRAMEWORK_HEADER = YES;
				CLANG_WARN_RANGE_LOOP_ANALYSIS = YES;
				CLANG_WARN_STRICT_PROTOTYPES = YES;
				CLANG_WARN_SUSPICIOUS_MOVE = YES;
				CLANG_WARN_UNGUARDED_AVAILABILITY = YES_AGGRESSIVE;
				CLANG_WARN_UNREACHABLE_CODE = YES;
				CLANG_WARN__DUPLICATE_METHOD_MATCH = YES;
				COPY_PHASE_STRIP = NO;
				DEBUG_INFORMATION_FORMAT = "dwarf-with-dsym";
				ENABLE_NS_ASSERTIONS = NO;
				ENABLE_STRICT_OBJC_MSGSEND = YES;
				ENABLE_USER_SCRIPT_SANDBOXING = YES;
				GCC_C_LANGUAGE_STANDARD = gnu17;
				GCC_NO_COMMON_BLOCKS = YES;
				GCC_WARN_64_TO_32_BIT_CONVERSION = YES;
				GCC_WARN_ABOUT_RETURN_TYPE = YES_ERROR;
				GCC_WARN_UNDECLARED_SELECTOR = YES;
				GCC_WARN_UNINITIALIZED_AUTOS = YES_AGGRESSIVE;
				GCC_WARN_UNUSED_FUNCTION = YES;
				GCC_WARN_UNUSED_VARIABLE = YES;
				IPHONEOS_DEPLOYMENT_TARGET = 17.5;
				LOCALIZATION_PREFERS_STRING_CATALOGS = YES;
				MTL_ENABLE_DEBUG_INFO = NO;
				MTL_FAST_MATH = YES;
				SDKROOT = iphoneos;
				SWIFT_COMPILATION_MODE = wholemodule;
				VALIDATE_PRODUCT = YES;
			};
			name = Release;
		};
		3ABAFF6F2C6D4130002D1DAE /* Debug */ = {
			isa = XCBuildConfiguration;
			buildSettings = {
				ASSETCATALOG_COMPILER_APPICON_NAME = AppIcon;
				ASSETCATALOG_COMPILER_GLOBAL_ACCENT_COLOR_NAME = AccentColor;
				CODE_SIGN_STYLE = Automatic;
				CURRENT_PROJECT_VERSION = 1;
				DEVELOPMENT_ASSET_PATHS = "\"DatingCalculator/Preview Content\"";
				DEVELOPMENT_TEAM = 8P5AUHNF8W;
				ENABLE_PREVIEWS = YES;
				GENERATE_INFOPLIST_FILE = YES;
				INFOPLIST_KEY_UIApplicationSceneManifest_Generation = YES;
				INFOPLIST_KEY_UIApplicationSupportsIndirectInputEvents = YES;
				INFOPLIST_KEY_UILaunchScreen_Generation = YES;
				INFOPLIST_KEY_UISupportedInterfaceOrientations_iPad = "UIInterfaceOrientationPortrait UIInterfaceOrientationPortraitUpsideDown UIInterfaceOrientationLandscapeLeft UIInterfaceOrientationLandscapeRight";
				INFOPLIST_KEY_UISupportedInterfaceOrientations_iPhone = "UIInterfaceOrientationPortrait UIInterfaceOrientationLandscapeLeft UIInterfaceOrientationLandscapeRight";
				LD_RUNPATH_SEARCH_PATHS = (
					"$(inherited)",
					"@executable_path/Frameworks",
				);
				MARKETING_VERSION = 1.0;
				PRODUCT_BUNDLE_IDENTIFIER = "WinterSolid-Personal-team-.DatingCalculator";
				PRODUCT_NAME = "$(TARGET_NAME)";
				SWIFT_EMIT_LOC_STRINGS = YES;
				SWIFT_VERSION = 5.0;
				TARGETED_DEVICE_FAMILY = "1,2";
			};
			name = Debug;
		};
		3ABAFF702C6D4130002D1DAE /* Release */ = {
			isa = XCBuildConfiguration;
			buildSettings = {
				ASSETCATALOG_COMPILER_APPICON_NAME = AppIcon;
				ASSETCATALOG_COMPILER_GLOBAL_ACCENT_COLOR_NAME = AccentColor;
				CODE_SIGN_STYLE = Automatic;
				CURRENT_PROJECT_VERSION = 1;
				DEVELOPMENT_ASSET_PATHS = "\"DatingCalculator/Preview Content\"";
				DEVELOPMENT_TEAM = 8P5AUHNF8W;
				ENABLE_PREVIEWS = YES;
				GENERATE_INFOPLIST_FILE = YES;
				INFOPLIST_KEY_UIApplicationSceneManifest_Generation = YES;
				INFOPLIST_KEY_UIApplicationSupportsIndirectInputEvents = YES;
				INFOPLIST_KEY_UILaunchScreen_Generation = YES;
				INFOPLIST_KEY_UISupportedInterfaceOrientations_iPad = "UIInterfaceOrientationPortrait UIInterfaceOrientationPortraitUpsideDown UIInterfaceOrientationLandscapeLeft UIInterfaceOrientationLandscapeRight";
				INFOPLIST_KEY_UISupportedInterfaceOrientations_iPhone = "UIInterfaceOrientationPortrait UIInterfaceOrientationLandscapeLeft UIInterfaceOrientationLandscapeRight";
				LD_RUNPATH_SEARCH_PATHS = (
					"$(inherited)",
					"@executable_path/Frameworks",
				);
				MARKETING_VERSION = 1.0;
				PRODUCT_BUNDLE_IDENTIFIER = "WinterSolid-Personal-team-.DatingCalculator";
				PRODUCT_NAME = "$(TARGET_NAME)";
				SWIFT_EMIT_LOC_STRINGS = YES;
				SWIFT_VERSION = 5.0;
				TARGETED_DEVICE_FAMILY = "1,2";
			};
			name = Release;
		};
/* End XCBuildConfiguration section */

/* Begin XCConfigurationList section */
		3ABAFF452C6D412D002D1DAE /* Build configuration list for PBXProject "DatingCalculator" */ = {
			isa = XCConfigurationList;
			buildConfigurations = (
				3ABAFF6C2C6D4130002D1DAE /* Debug */,
				3ABAFF6D2C6D4130002D1DAE /* Release */,
			);
			defaultConfigurationIsVisible = 0;
			defaultConfigurationName = Release;
		};
		3ABAFF6E2C6D4130002D1DAE /* Build configuration list for PBXNativeTarget "DatingCalculator" */ = {
			isa = XCConfigurationList;
			buildConfigurations = (
				3ABAFF6F2C6D4130002D1DAE /* Debug */,
				3ABAFF702C6D4130002D1DAE /* Release */,
			);
			defaultConfigurationIsVisible = 0;
			defaultConfigurationName = Release;
		};
/* End XCConfigurationList section */
	};
	rootObject = 3ABAFF422C6D412D002D1DAE /* Project object */;
}
